{
  "name": "troid-og",
  "lockfileVersion": 3,
  "requires": true,
  "packages": {
    "": {
      "name": "troid-og",
      "devDependencies": {
        "@fontsource/inter": "^5.2.0",
        "@fontsource/noto-sans-arabic": "^5.2.0",
        "@fontsource/noto-sans-bengali": "^5.2.0",
        "@fontsource/noto-sans-devanagari": "^5.2.0",
        "@fontsource/noto-sans-sc": "^5.2.0"
      }
    },
    "node_modules/@fontsource/inter": {
      "version": "5.3.0",
      "resolved": "https://registry.npmjs.org/@fontsource/inter/-/inter-5.3.0.tgz",
      "integrity": "sha512-RofMylZmjlJEfELXeNHFWBRcSs75rGU/6bV2S2jfnvv/3rPXPGe0LgUJTklcHZ9lM4OZmAVFhcJPnACfb91A3g==",
      "dev": true,
      "license": "OFL-1.1",
      "funding": {
        "url": "https://github.com/sponsors/ayuhito"
      }
    },
    "node_modules/@fontsource/noto-sans-arabic": {
      "version": "5.3.0",
      "resolved": "https://registry.npmjs.org/@fontsource/noto-sans-arabic/-/noto-sans-arabic-5.3.0.tgz",
      "integrity": "sha512-i3t6GR0LOReyJVEk+YfYCnxv53wuIelg7Y9NGNvOq4Diq/EP0YszaGXkQwfQNigLjfO4POrLaPGM0sNliGYk7A==",
      "dev": true,
      "license": "OFL-1.1",
      "funding": {
        "url": "https://github.com/sponsors/ayuhito"
      }
    },
    "node_modules/@fontsource/noto-sans-bengali": {
      "version": "5.3.0",
      "resolved": "https://registry.npmjs.org/@fontsource/noto-sans-bengali/-/noto-sans-bengali-5.3.0.tgz",
      "integrity": "sha512-EFBMU0UvzyFSc1ERK369zfqEu6DMRuWmCQ2+2ahhQTQAIDPEyN1UYlQdQeFkheu2DWG2hfdwrhiLlGFl2sSr/A==",
      "dev": true,
      "license": "OFL-1.1",
      "funding": {
        "url": "https://github.com/sponsors/ayuhito"
      }
    },
    "node_modules/@fontsource/noto-sans-devanagari": {
      "version": "5.3.0",
      "resolved": "https://registry.npmjs.org/@fontsource/noto-sans-devanagari/-/noto-sans-devanagari-5.3.0.tgz",
      "integrity": "sha512-7khYmipS/5KAUUmrO1DKir8yL8XI00d0+ZE9BqbS8XF1jzObv6CpPOk3UeYxF+Pvi8bx9bBvprBCOcbx/eQWTQ==",
      "dev": true,
      "license": "OFL-1.1",
      "funding": {
        "url": "https://github.com/sponsors/ayuhito"
      }
    },
    "node_modules/@fontsource/noto-sans-sc": {
      "version": "5.3.0",
      "resolved": "https://registry.npmjs.org/@fontsource/noto-sans-sc/-/noto-sans-sc-5.3.0.tgz",
      "integrity": "sha512-HeqIlGm0+ohOKxZLuHj1qW6r6avHH0OWdKERAcSDI0RQ+MXrteuLKA+M+5eOA8rYy0MFvOR5AT0fQo2rUkye0Q==",
      "dev": true,
      "license": "OFL-1.1",
      "funding": {
        "url": "https://github.com/sponsors/ayuhito"
      }
    }
  }
}
